<?xml version="1.0" encoding="utf-8"?>
<Project ToolsVersion="4.0" xmlns="http://schemas.microsoft.com/developer/msbuild/2003">
  <ItemGroup>
    <Filter Include="ソース ファイル">
      <UniqueIdentifier>{4FC737F1-C7A5-4376-A066-2A32D752A2FF}</UniqueIdentifier>
      <Extensions>cpp;c;cc;cxx;c++;def;odl;idl;hpj;bat;asm;asmx</Extensions>
    </Filter>
    <Filter Include="ヘッダー ファイル">
      <UniqueIdentifier>{93995380-89BD-4b04-88EB-625FBE52EBFB}</UniqueIdentifier>
      <Extensions>h;hh;hpp;hxx;h++;hm;inl;inc;ipp;xsd</Extensions>
    </Filter>
    <Filter Include="リソース ファイル">
      <UniqueIdentifier>{67DA6AB6-F800-4c08-8B7A-83BB121AAD01}</UniqueIdentifier>
      <Extensions>rc;ico;cur;bmp;dlg;rc2;rct;bin;rgs;gif;jpg;jpeg;jpe;resx;tiff;tif;png;wav;mfcribbon-ms</Extensions>
    </Filter>
    <Filter Include="ソース ファイル\Snuck">
      <UniqueIdentifier>{21c5eed5-7d56-48ac-9ead-0281d5450190}</UniqueIdentifier>
    </Filter>
    <Filter Include="ソース ファイル\charactor">
      <UniqueIdentifier>{d4a1de25-b001-43d4-9fde-43f6bd7cd19a}</UniqueIdentifier>
    </Filter>
    <Filter Include="ソース ファイル\MAP関連">
      <UniqueIdentifier>{30d9b069-331f-4266-bd75-c0698d7ffd8a}</UniqueIdentifier>
    </Filter>
    <Filter Include="ソース ファイル\GameTitle">
      <UniqueIdentifier>{bbeed008-97f2-4db6-9469-1fff4adfb88c}</UniqueIdentifier>
    </Filter>
    <Filter Include="ソース ファイル\GameClear">
      <UniqueIdentifier>{73f26c95-b3a6-4164-9726-9ab9d50fc972}</UniqueIdentifier>
    </Filter>
    <Filter Include="ソース ファイル\時間関連">
      <UniqueIdentifier>{f5c70deb-05e2-4b4f-922c-5fe042d3e1b6}</UniqueIdentifier>
    </Filter>
    <Filter Include="ソース ファイル\スコア関連">
      <UniqueIdentifier>{f76ea26a-91d0-4cb9-90d0-41060d75c732}</UniqueIdentifier>
    </Filter>
    <Filter Include="ソース ファイル\GameOver">
      <UniqueIdentifier>{2643597c-a66e-4e72-ac00-c1c2d70a0657}</UniqueIdentifier>
    </Filter>
    <Filter Include="ソース ファイル\BigSnuck">
      <UniqueIdentifier>{529ec83c-4e61-4563-b7e8-f0d682f4a2c2}</UniqueIdentifier>
    </Filter>
  </ItemGroup>
  <ItemGroup>
    <ClCompile Include="OPning.c">
      <Filter>ソース ファイル</Filter>
    </ClCompile>
    <ClCompile Include="ObjDonatu.cpp">
      <Filter>ソース ファイル\Snuck</Filter>
    </ClCompile>
    <ClCompile Include="ObjGummy.cpp">
      <Filter>ソース ファイル\Snuck</Filter>
    </ClCompile>
    <ClCompile Include="ObjCookie.cpp">
      <Filter>ソース ファイル\Snuck</Filter>
    </ClCompile>
    <ClCompile Include="ObjChoco.cpp">
      <Filter>ソース ファイル\Snuck</Filter>
    </ClCompile>
    <ClCompile Include="ObjCandy.cpp">
      <Filter>ソース ファイル\Snuck</Filter>
    </ClCompile>
    <ClCompile Include="ObjBlock.cpp">
      <Filter>ソース ファイル\MAP関連</Filter>
    </ClCompile>
    <ClCompile Include="SceneMain.cpp">
      <Filter>ヘッダー ファイル</Filter>
    </ClCompile>
    <ClCompile Include="GameL\DirectXDevice.cpp">
      <Filter>リソース ファイル</Filter>
    </ClCompile>
    <ClCompile Include="GameL\Draw2DTex_Source.cpp">
      <Filter>リソース ファイル</Filter>
    </ClCompile>
    <ClCompile Include="GameL\DrawFont.cpp">
      <Filter>リソース ファイル</Filter>
    </ClCompile>
    <ClCompile Include="GameL\DrawTexture.cpp">
      <Filter>リソース ファイル</Filter>
    </ClCompile>
    <ClCompile Include="GameL\GameL_Main.cpp">
      <Filter>リソース ファイル</Filter>
    </ClCompile>
    <ClCompile Include="GameL\HitBoxManager.cpp">
      <Filter>リソース ファイル</Filter>
    </ClCompile>
    <ClCompile Include="GameL\MultiThread.cpp">
      <Filter>リソース ファイル</Filter>
    </ClCompile>
    <ClCompile Include="GameL\SceneManager.cpp">
      <Filter>リソース ファイル</Filter>
    </ClCompile>
    <ClCompile Include="GameL\SceneObjManager.cpp">
      <Filter>リソース ファイル</Filter>
    </ClCompile>
    <ClCompile Include="GameL\SetWindow.cpp">
      <Filter>リソース ファイル</Filter>
    </ClCompile>
    <ClCompile Include="GameL\UserData.cpp">
      <Filter>リソース ファイル</Filter>
    </ClCompile>
    <ClCompile Include="GameL\WinInputs.cpp">
      <Filter>リソース ファイル</Filter>
    </ClCompile>
    <ClCompile Include="ObjRisu.cpp">
      <Filter>ソース ファイル\charactor</Filter>
    </ClCompile>
    <ClCompile Include="ObjTitle.cpp">
      <Filter>ソース ファイル\GameTitle</Filter>
    </ClCompile>
    <ClCompile Include="SceneTitle.cpp">
      <Filter>ソース ファイル\GameTitle</Filter>
    </ClCompile>
    <ClCompile Include="GameL\Audio.cpp">
      <Filter>リソース ファイル</Filter>
    </ClCompile>
    <ClCompile Include="ObjGameClear.cpp">
      <Filter>ソース ファイル\GameClear</Filter>
    </ClCompile>
    <ClCompile Include="SceneGameClear.cpp">
      <Filter>ソース ファイル\GameClear</Filter>
    </ClCompile>
    <ClCompile Include="ObjTime.cpp">
      <Filter>ソース ファイル\時間関連</Filter>
    </ClCompile>
    <ClCompile Include="ObjScoer.cpp">
      <Filter>ソース ファイル\スコア関連</Filter>
    </ClCompile>
    <ClCompile Include="SceneGameOver.cpp">
      <Filter>ソース ファイル\GameOver</Filter>
    </ClCompile>
    <ClCompile Include="ObjGameOver.cpp">
      <Filter>ソース ファイル\GameOver</Filter>
    </ClCompile>
    <ClCompile Include="ObjBigCake.cpp">
      <Filter>ソース ファイル\BigSnuck</Filter>
    </ClCompile>
    <ClCompile Include="ObjBackGround.cpp">
      <Filter>ソース ファイル\MAP関連</Filter>
    </ClCompile>
    <ClCompile Include="SceneMap1.cpp">
      <Filter>ソース ファイル\MAP関連</Filter>
    </ClCompile>
    <ClCompile Include="SceneMap2.cpp">
      <Filter>ソース ファイル\MAP関連</Filter>
    </ClCompile>
  </ItemGroup>
  <ItemGroup>
    <ClInclude Include="ObjGummy.h">
      <Filter>ソース ファイル\Snuck</Filter>
    </ClInclude>
    <ClInclude Include="ObjCookie.h">
      <Filter>ソース ファイル\Snuck</Filter>
    </ClInclude>
    <ClInclude Include="ObjChoco.h">
      <Filter>ソース ファイル\Snuck</Filter>
    </ClInclude>
    <ClInclude Include="ObjCandy.h">
      <Filter>ソース ファイル\Snuck</Filter>
    </ClInclude>
    <ClInclude Include="ObjBlock.h">
      <Filter>ソース ファイル\MAP関連</Filter>
    </ClInclude>
    <ClInclude Include="SceneMain.h">
      <Filter>ヘッダー ファイル</Filter>
    </ClInclude>
    <ClInclude Include="GameL\Audio.h">
      <Filter>リソース ファイル</Filter>
    </ClInclude>
    <ClInclude Include="GameL\DirectXDevice.h">
      <Filter>リソース ファイル</Filter>
    </ClInclude>
    <ClInclude Include="GameL\DrawFont.h">
      <Filter>リソース ファイル</Filter>
    </ClInclude>
    <ClInclude Include="GameL\DrawTexture.h">
      <Filter>リソース ファイル</Filter>
    </ClInclude>
    <ClInclude Include="GameL\HitBoxManager.h">
      <Filter>リソース ファイル</Filter>
    </ClInclude>
    <ClInclude Include="GameL\MultiThread.h">
      <Filter>リソース ファイル</Filter>
    </ClInclude>
    <ClInclude Include="GameL\SceneManager.h">
      <Filter>リソース ファイル</Filter>
    </ClInclude>
    <ClInclude Include="GameL\SceneObjManager.h">
      <Filter>リソース ファイル</Filter>
    </ClInclude>
    <ClInclude Include="GameL\SetWindow.h">
      <Filter>リソース ファイル</Filter>
    </ClInclude>
    <ClInclude Include="GameL\UserData.h">
      <Filter>リソース ファイル</Filter>
    </ClInclude>
    <ClInclude Include="GameL\WinInputs.h">
      <Filter>リソース ファイル</Filter>
    </ClInclude>
    <ClInclude Include="ObjDonatu.h">
      <Filter>ソース ファイル\Snuck</Filter>
    </ClInclude>
    <ClInclude Include="main.h">
      <Filter>ヘッダー ファイル</Filter>
    </ClInclude>
    <ClInclude Include="GameHead.h">
      <Filter>ヘッダー ファイル</Filter>
    </ClInclude>
    <ClInclude Include="ObjRisu.h">
      <Filter>ソース ファイル\charactor</Filter>
    </ClInclude>
    <ClInclude Include="ObjTitle.h">
      <Filter>ソース ファイル\GameTitle</Filter>
    </ClInclude>
    <ClInclude Include="SceneTitle.h">
      <Filter>ソース ファイル\GameTitle</Filter>
    </ClInclude>
    <ClInclude Include="ObjGameClear.h">
      <Filter>ソース ファイル\GameClear</Filter>
    </ClInclude>
    <ClInclude Include="SceneGameClear.h">
      <Filter>ソース ファイル\GameClear</Filter>
    </ClInclude>
    <ClInclude Include="ObjTime.h">
      <Filter>ソース ファイル\時間関連</Filter>
    </ClInclude>
    <ClInclude Include="ObjScore.h">
      <Filter>ソース ファイル\スコア関連</Filter>
    </ClInclude>
    <ClInclude Include="SceneGameOver.h">
      <Filter>ソース ファイル\GameOver</Filter>
    </ClInclude>
    <ClInclude Include="ObjGameOver.h">
      <Filter>ソース ファイル\GameOver</Filter>
    </ClInclude>
    <ClInclude Include="ObjBigCake.h">
      <Filter>ソース ファイル\BigSnuck</Filter>
    </ClInclude>
    <ClInclude Include="ObjBackGround.h">
      <Filter>ソース ファイル\MAP関連</Filter>
    </ClInclude>
    <ClInclude Include="SceneMap1.h">
      <Filter>ソース ファイル\MAP関連</Filter>
    </ClInclude>
    <ClInclude Include="SceneMap2.h">
      <Filter>ソース ファイル\MAP関連</Filter>
    </ClInclude>
  </ItemGroup>
</Project>